# This file is autogenerated, do not edit; changes may be undone by the next 'dep ensure'.


[[projects]]
  digest = "1:418b49380dbaa8b8fb72740658acb74f176a056b9d041d4b761edbf770555c3d"
  name = "github.com/rs/zerolog"
  packages = [
    ".",
    "internal/cbor",
    "internal/json",
    "log",
  ]
  pruneopts = "UT"
  revision = "6d6350a51143b5c0d0a6a3b736ee2b41315f7269"
  version = "v1.12.0"

[solve-meta]
  analyzer-name = "dep"
  analyzer-version = 1
  input-imports = [
    "github.com/rs/zerolog",
    "github.com/rs/zerolog/log",
  ]
  solver-name = "gps-cdcl"
  solver-version = 1
